
Microsoft Visual Studio Solution File, Format Version 12.00
# Visual Studio 2012
Project("{FAE04EC0-301F-11D3-BF4B-00C04F79EFBC}") = "CRMAutoNumber", "CRMAutoNumber\CRMAutoNumber.csproj", "{4E5C64AD-3A2E-469B-8400-29937C77EE2E}"
EndProject
Project("{FAE04EC0-301F-11D3-BF4B-00C04F79EFBC}") = "CRMAutoNumber.Package", "CRMAutoNumber.Package\CRMAutoNumber.Package.csproj", "{7C098E50-8BAB-4589-8E58-B9E9E0719817}"
	ProjectSection(ProjectDependencies) = postProject
		{4E5C64AD-3A2E-469B-8400-29937C77EE2E} = {4E5C64AD-3A2E-469B-8400-29937C77EE2E}
	EndProjectSection
EndProject
Project("{FAE04EC0-301F-11D3-BF4B-00C04F79EFBC}") = "CRMAutoNumber.Test", "CRMAutoNumber.Test\CRMAutoNumber.Test.csproj", "{0A7EE432-F1E2-4A6C-8751-167605C4D44C}"
EndProject
Global
	GlobalSection(CRMSolutionProperties) = preSolution
		SolutionIsBoundToCRM = True
	EndGlobalSection
	GlobalSection(SolutionConfigurationPlatforms) = preSolution
		Debug|Any CPU = Debug|Any CPU
		Release|Any CPU = Release|Any CPU
	EndGlobalSection
	GlobalSection(ProjectConfigurationPlatforms) = postSolution
		{4E5C64AD-3A2E-469B-8400-29937C77EE2E}.Debug|Any CPU.ActiveCfg = Debug|Any CPU
		{4E5C64AD-3A2E-469B-8400-29937C77EE2E}.Debug|Any CPU.Build.0 = Debug|Any CPU
		{4E5C64AD-3A2E-469B-8400-29937C77EE2E}.Release|Any CPU.ActiveCfg = Release|Any CPU
		{4E5C64AD-3A2E-469B-8400-29937C77EE2E}.Release|Any CPU.Build.0 = Release|Any CPU
		{7C098E50-8BAB-4589-8E58-B9E9E0719817}.Debug|Any CPU.ActiveCfg = Debug|Any CPU
		{7C098E50-8BAB-4589-8E58-B9E9E0719817}.Debug|Any CPU.Build.0 = Debug|Any CPU
		{7C098E50-8BAB-4589-8E58-B9E9E0719817}.Debug|Any CPU.Deploy.0 = Debug|Any CPU
		{7C098E50-8BAB-4589-8E58-B9E9E0719817}.Release|Any CPU.ActiveCfg = Release|Any CPU
		{7C098E50-8BAB-4589-8E58-B9E9E0719817}.Release|Any CPU.Build.0 = Release|Any CPU
		{7C098E50-8BAB-4589-8E58-B9E9E0719817}.Release|Any CPU.Deploy.0 = Release|Any CPU
		{0A7EE432-F1E2-4A6C-8751-167605C4D44C}.Debug|Any CPU.ActiveCfg = Debug|Any CPU
		{0A7EE432-F1E2-4A6C-8751-167605C4D44C}.Debug|Any CPU.Build.0 = Debug|Any CPU
		{0A7EE432-F1E2-4A6C-8751-167605C4D44C}.Release|Any CPU.ActiveCfg = Release|Any CPU
		{0A7EE432-F1E2-4A6C-8751-167605C4D44C}.Release|Any CPU.Build.0 = Release|Any CPU
	EndGlobalSection
	GlobalSection(SolutionProperties) = preSolution
		HideSolutionNode = FALSE
	EndGlobalSection
EndGlobal
